PODS:
  - AGAsyncTestHelper (1.0):
    - AGAsyncTestHelper/Core
  - AGAsyncTestHelper/Core (1.0)
  - OCMock (2.2.1)

DEPENDENCIES:
  - AGAsyncTestHelper (~> 1.0)
  - OCMock (~> 2.2.1)

SPEC CHECKSUMS:
  AGAsyncTestHelper: fc9d44460933d8167ae431f466ab3a09a5121582
  OCMock: 0647d3c53ce945e6f1dbaf072a66848aeb376a40

COCOAPODS: 0.32.1
