PODS:
  - OCMock (2.2.4)
  - SQKDataKit/ContextManager (0.6.0):
    - SQKDataKit/Core
  - SQKDataKit/Core (0.6.0)
  - SQKDataKit/CoreDataOperation (0.6.0):
    - SQKDataKit/ContextManager
    - SQKDataKit/Core
    - SQKDataKit/ManagedObjectExtensions
  - SQKDataKit/FetchedCollectionViewController (0.6.0):
    - SQKDataKit/Core
  - SQKDataKit/FetchedTableViewController (0.6.0):
    - SQKDataKit/Core
  - SQKDataKit/ManagedObjectController (0.6.0):
    - SQKDataKit/Core
  - SQKDataKit/ManagedObjectExtensions (0.6.0):
    - SQKDataKit/Core

DEPENDENCIES:
  - OCMock (~> 2.2.1)
  - SQKDataKit/ContextManager (from `../SQKDataKit.podspec`)
  - SQKDataKit/CoreDataOperation (from `../SQKDataKit.podspec`)
  - SQKDataKit/FetchedCollectionViewController (from `../SQKDataKit.podspec`)
  - SQKDataKit/FetchedTableViewController (from `../SQKDataKit.podspec`)
  - SQKDataKit/ManagedObjectController (from `../SQKDataKit.podspec`)
  - SQKDataKit/ManagedObjectExtensions (from `../SQKDataKit.podspec`)

EXTERNAL SOURCES:
  SQKDataKit:
    :path: "../SQKDataKit.podspec"

SPEC CHECKSUMS:
  OCMock: a6a7dc0e3997fb9f35d99f72528698ebf60d64f2
  SQKDataKit: c3e7196e712ed7ab2997b64ff11bdedb5b0eaf51

COCOAPODS: 0.39.0
