<?xml version="1.0" encoding="UTF-8"?>
<!DOCTYPE plist PUBLIC "-//Apple//DTD PLIST 1.0//EN" "http://www.apple.com/DTDs/PropertyList-1.0.dtd">
<plist version="1.0">
<dict>
	<key>archiveVersion</key>
	<string>1</string>
	<key>classes</key>
	<dict/>
	<key>objectVersion</key>
	<string>46</string>
	<key>objects</key>
	<dict>
		<key>0D49442BB775486BAD86A584</key>
		<dict>
			<key>buildActionMask</key>
			<string>2147483647</string>
			<key>files</key>
			<array/>
			<key>inputPaths</key>
			<array/>
			<key>isa</key>
			<string>PBXShellScriptBuildPhase</string>
			<key>name</key>
			<string>Copy Pods Resources</string>
			<key>outputPaths</key>
			<array/>
			<key>runOnlyForDeploymentPostprocessing</key>
			<string>0</string>
			<key>shellPath</key>
			<string>/bin/sh</string>
			<key>shellScript</key>
			<string>"${SRCROOT}/Pods/Pods-SQKDataKitTests-resources.sh"
</string>
			<key>showEnvVarsInLog</key>
			<string>0</string>
		</dict>
		<key>22BB628D1919256B00EEEFCE</key>
		<dict>
			<key>fileEncoding</key>
			<string>4</string>
			<key>isa</key>
			<string>PBXFileReference</string>
			<key>lastKnownFileType</key>
			<string>sourcecode.c.objc</string>
			<key>path</key>
			<string>SQKManagedObjectControllerTests.m</string>
			<key>sourceTree</key>
			<string>&lt;group&gt;</string>
		</dict>
		<key>22BB628E1919256B00EEEFCE</key>
		<dict>
			<key>fileRef</key>
			<string>22BB628D1919256B00EEEFCE</string>
			<key>isa</key>
			<string>PBXBuildFile</string>
		</dict>
		<key>4AB52E80206042BCB848D249</key>
		<dict>
			<key>explicitFileType</key>
			<string>archive.ar</string>
			<key>includeInIndex</key>
			<string>0</string>
			<key>isa</key>
			<string>PBXFileReference</string>
			<key>path</key>
			<string>libPods-SQKDataKitTests.a</string>
			<key>sourceTree</key>
			<string>BUILT_PRODUCTS_DIR</string>
		</dict>
		<key>9845359805B74B5292D465D9</key>
		<dict>
			<key>buildActionMask</key>
			<string>2147483647</string>
			<key>files</key>
			<array/>
			<key>inputPaths</key>
			<array/>
			<key>isa</key>
			<string>PBXShellScriptBuildPhase</string>
			<key>name</key>
			<string>Check Pods Manifest.lock</string>
			<key>outputPaths</key>
			<array/>
			<key>runOnlyForDeploymentPostprocessing</key>
			<string>0</string>
			<key>shellPath</key>
			<string>/bin/sh</string>
			<key>shellScript</key>
			<string>diff "${PODS_ROOT}/../Podfile.lock" "${PODS_ROOT}/Manifest.lock" &gt; /dev/null
if [[ $? != 0 ]] ; then
    cat &lt;&lt; EOM
error: The sandbox is not in sync with the Podfile.lock. Run 'pod install' or update your CocoaPods installation.
EOM
    exit 1
fi
</string>
			<key>showEnvVarsInLog</key>
			<string>0</string>
		</dict>
		<key>A30F0DD118574D3600CEE72D</key>
		<dict>
			<key>children</key>
			<array>
				<string>A31AB0ED185776B300B240AB</string>
				<string>A328BACA185098B600267F2E</string>
				<string>A328BAC81850989E00267F2E</string>
				<string>A328BAC9185098A700267F2E</string>
				<string>A34BF3A1184F41D300F2E3B4</string>
			</array>
			<key>isa</key>
			<string>PBXGroup</string>
			<key>name</key>
			<string>Example App</string>
			<key>path</key>
			<string>SQKDataKit</string>
			<key>sourceTree</key>
			<string>&lt;group&gt;</string>
		</dict>
		<key>A30FAE8E1855DFBB008784C6</key>
		<dict>
			<key>fileEncoding</key>
			<string>4</string>
			<key>isa</key>
			<string>PBXFileReference</string>
			<key>lastKnownFileType</key>
			<string>sourcecode.c.objc</string>
			<key>path</key>
			<string>SQKJSONDataImportOperationTests.m</string>
			<key>sourceTree</key>
			<string>&lt;group&gt;</string>
		</dict>
		<key>A30FAE8F1855DFBB008784C6</key>
		<dict>
			<key>fileRef</key>
			<string>A30FAE8E1855DFBB008784C6</string>
			<key>isa</key>
			<string>PBXBuildFile</string>
		</dict>
		<key>A31AB0E51857769D00B240AB</key>
		<dict>
			<key>fileEncoding</key>
			<string>4</string>
			<key>isa</key>
			<string>PBXFileReference</string>
			<key>lastKnownFileType</key>
			<string>sourcecode.c.h</string>
			<key>path</key>
			<string>Commit.h</string>
			<key>sourceTree</key>
			<string>&lt;group&gt;</string>
		</dict>
		<key>A31AB0E61857769D00B240AB</key>
		<dict>
			<key>fileEncoding</key>
			<string>4</string>
			<key>isa</key>
			<string>PBXFileReference</string>
			<key>lastKnownFileType</key>
			<string>sourcecode.c.objc</string>
			<key>path</key>
			<string>Commit.m</string>
			<key>sourceTree</key>
			<string>&lt;group&gt;</string>
		</dict>
		<key>A31AB0E71857769D00B240AB</key>
		<dict>
			<key>fileRef</key>
			<string>A31AB0E61857769D00B240AB</string>
			<key>isa</key>
			<string>PBXBuildFile</string>
		</dict>
		<key>A31AB0E9185776AE00B240AB</key>
		<dict>
			<key>fileEncoding</key>
			<string>4</string>
			<key>isa</key>
			<string>PBXFileReference</string>
			<key>lastKnownFileType</key>
			<string>sourcecode.c.h</string>
			<key>path</key>
			<string>OptimisedImportOperation.h</string>
			<key>sourceTree</key>
			<string>&lt;group&gt;</string>
		</dict>
		<key>A31AB0EA185776AE00B240AB</key>
		<dict>
			<key>fileEncoding</key>
			<string>4</string>
			<key>isa</key>
			<string>PBXFileReference</string>
			<key>lastKnownFileType</key>
			<string>sourcecode.c.objc</string>
			<key>path</key>
			<string>OptimisedImportOperation.m</string>
			<key>sourceTree</key>
			<string>&lt;group&gt;</string>
		</dict>
		<key>A31AB0EC185776AE00B240AB</key>
		<dict>
			<key>fileRef</key>
			<string>A31AB0EA185776AE00B240AB</string>
			<key>isa</key>
			<string>PBXBuildFile</string>
		</dict>
		<key>A31AB0ED185776B300B240AB</key>
		<dict>
			<key>children</key>
			<array>
				<string>A3DC7C9F18687E2E00C45DB0</string>
				<string>A3C66D07185B2A19007AE9B5</string>
				<string>A3C66D08185B2A19007AE9B5</string>
				<string>A31AB0E9185776AE00B240AB</string>
				<string>A31AB0EA185776AE00B240AB</string>
				<string>A3C66D04185A20CE007AE9B5</string>
				<string>A3C66D05185A20CE007AE9B5</string>
			</array>
			<key>isa</key>
			<string>PBXGroup</string>
			<key>name</key>
			<string>Data import</string>
			<key>sourceTree</key>
			<string>&lt;group&gt;</string>
		</dict>
		<key>A328BAC01850921000267F2E</key>
		<dict>
			<key>fileEncoding</key>
			<string>4</string>
			<key>isa</key>
			<string>PBXFileReference</string>
			<key>lastKnownFileType</key>
			<string>sourcecode.c.objc</string>
			<key>lineEnding</key>
			<string>0</string>
			<key>path</key>
			<string>NSManagedObjectTests.m</string>
			<key>sourceTree</key>
			<string>&lt;group&gt;</string>
			<key>xcLanguageSpecificationIdentifier</key>
			<string>xcode.lang.objc</string>
		</dict>
		<key>A328BAC11850921000267F2E</key>
		<dict>
			<key>fileRef</key>
			<string>A328BAC01850921000267F2E</string>
			<key>isa</key>
			<string>PBXBuildFile</string>
		</dict>
		<key>A328BAC51850986A00267F2E</key>
		<dict>
			<key>children</key>
			<array>
				<string>A328BAC61850986A00267F2E</string>
			</array>
			<key>currentVersion</key>
			<string>A328BAC61850986A00267F2E</string>
			<key>isa</key>
			<string>XCVersionGroup</string>
			<key>path</key>
			<string>SQKDataKitModel.xcdatamodeld</string>
			<key>sourceTree</key>
			<string>&lt;group&gt;</string>
			<key>versionGroupType</key>
			<string>wrapper.xcdatamodel</string>
		</dict>
		<key>A328BAC61850986A00267F2E</key>
		<dict>
			<key>isa</key>
			<string>PBXFileReference</string>
			<key>lastKnownFileType</key>
			<string>wrapper.xcdatamodel</string>
			<key>path</key>
			<string>SQKDataKitModel.xcdatamodel</string>
			<key>sourceTree</key>
			<string>&lt;group&gt;</string>
		</dict>
		<key>A328BAC71850986A00267F2E</key>
		<dict>
			<key>fileRef</key>
			<string>A328BAC51850986A00267F2E</string>
			<key>isa</key>
			<string>PBXBuildFile</string>
		</dict>
		<key>A328BAC81850989E00267F2E</key>
		<dict>
			<key>children</key>
			<array>
				<string>A34BF3A9184F41D300F2E3B4</string>
				<string>A34BF3AA184F41D300F2E3B4</string>
				<string>A34BF3B2184F41D400F2E3B4</string>
				<string>A34BF3B3184F41D400F2E3B4</string>
				<string>A3F70A8E185A041D00C0A389</string>
				<string>A3F70A8F185A041D00C0A389</string>
				<string>A3DC7C991868731100C45DB0</string>
				<string>A3DC7C9A1868731100C45DB0</string>
			</array>
			<key>isa</key>
			<string>PBXGroup</string>
			<key>name</key>
			<string>Controller</string>
			<key>sourceTree</key>
			<string>&lt;group&gt;</string>
		</dict>
		<key>A328BAC9185098A700267F2E</key>
		<dict>
			<key>children</key>
			<array>
				<string>A34BF3B5184F41D400F2E3B4</string>
				<string>A3F70A8B1859D80C00C0A389</string>
				<string>A3F70A8C1859D80C00C0A389</string>
			</array>
			<key>isa</key>
			<string>PBXGroup</string>
			<key>name</key>
			<string>View</string>
			<key>sourceTree</key>
			<string>&lt;group&gt;</string>
		</dict>
		<key>A328BACA185098B600267F2E</key>
		<dict>
			<key>children</key>
			<array>
				<string>A31AB0E51857769D00B240AB</string>
				<string>A31AB0E61857769D00B240AB</string>
				<string>A328BAC51850986A00267F2E</string>
			</array>
			<key>isa</key>
			<string>PBXGroup</string>
			<key>name</key>
			<string>Model</string>
			<key>sourceTree</key>
			<string>&lt;group&gt;</string>
		</dict>
		<key>A34BF38E184F41D300F2E3B4</key>
		<dict>
			<key>children</key>
			<array>
				<string>A34BF3A0184F41D300F2E3B4</string>
				<string>A30F0DD118574D3600CEE72D</string>
				<string>A34BF3C2184F41D400F2E3B4</string>
				<string>A34BF399184F41D300F2E3B4</string>
				<string>A34BF398184F41D300F2E3B4</string>
				<string>ADDB339D8A3346919017A3F5</string>
			</array>
			<key>isa</key>
			<string>PBXGroup</string>
			<key>sourceTree</key>
			<string>&lt;group&gt;</string>
		</dict>
		<key>A34BF38F184F41D300F2E3B4</key>
		<dict>
			<key>attributes</key>
			<dict>
				<key>CLASSPREFIX</key>
				<string>SQK</string>
				<key>LastUpgradeCheck</key>
				<string>0500</string>
				<key>ORGANIZATIONNAME</key>
				<string>3Squared</string>
				<key>TargetAttributes</key>
				<dict>
					<key>A34BF3BA184F41D400F2E3B4</key>
					<dict>
						<key>TestTargetID</key>
						<string>A34BF396184F41D300F2E3B4</string>
					</dict>
				</dict>
			</dict>
			<key>buildConfigurationList</key>
			<string>A34BF392184F41D300F2E3B4</string>
			<key>compatibilityVersion</key>
			<string>Xcode 3.2</string>
			<key>developmentRegion</key>
			<string>English</string>
			<key>hasScannedForEncodings</key>
			<string>0</string>
			<key>isa</key>
			<string>PBXProject</string>
			<key>knownRegions</key>
			<array>
				<string>en</string>
				<string>Base</string>
			</array>
			<key>mainGroup</key>
			<string>A34BF38E184F41D300F2E3B4</string>
			<key>productRefGroup</key>
			<string>A34BF398184F41D300F2E3B4</string>
			<key>projectDirPath</key>
			<string></string>
			<key>projectReferences</key>
			<array/>
			<key>projectRoot</key>
			<string></string>
			<key>targets</key>
			<array>
				<string>A34BF396184F41D300F2E3B4</string>
				<string>A34BF3BA184F41D400F2E3B4</string>
			</array>
		</dict>
		<key>A34BF392184F41D300F2E3B4</key>
		<dict>
			<key>buildConfigurations</key>
			<array>
				<string>A34BF3CA184F41D500F2E3B4</string>
				<string>A34BF3CB184F41D500F2E3B4</string>
			</array>
			<key>defaultConfigurationIsVisible</key>
			<string>0</string>
			<key>defaultConfigurationName</key>
			<string>Release</string>
			<key>isa</key>
			<string>XCConfigurationList</string>
		</dict>
		<key>A34BF393184F41D300F2E3B4</key>
		<dict>
			<key>buildActionMask</key>
			<string>2147483647</string>
			<key>files</key>
			<array>
				<string>A3F70A8D1859D80C00C0A389</string>
				<string>A3C66D06185A20CE007AE9B5</string>
				<string>A3D15ECD1966E110000F2268</string>
				<string>A34BF3B4184F41D400F2E3B4</string>
				<string>A3D15ECC1966E110000F2268</string>
				<string>A31AB0E71857769D00B240AB</string>
				<string>A328BAC71850986A00267F2E</string>
				<string>A3D15ECB1966E110000F2268</string>
				<string>A34BF3AB184F41D300F2E3B4</string>
				<string>A31AB0EC185776AE00B240AB</string>
				<string>A3D15ECF1966E110000F2268</string>
				<string>A3D15EB91966E10A000F2268</string>
				<string>A3D15ECE1966E110000F2268</string>
				<string>A34BF3A7184F41D300F2E3B4</string>
				<string>A3D15ECA1966E110000F2268</string>
				<string>A3D15ED01966E110000F2268</string>
				<string>A3C66D09185B2A19007AE9B5</string>
				<string>A3F70A90185A041D00C0A389</string>
				<string>A3DC7C9B1868731100C45DB0</string>
			</array>
			<key>isa</key>
			<string>PBXSourcesBuildPhase</string>
			<key>runOnlyForDeploymentPostprocessing</key>
			<string>0</string>
		</dict>
		<key>A34BF394184F41D300F2E3B4</key>
		<dict>
			<key>buildActionMask</key>
			<string>2147483647</string>
			<key>files</key>
			<array>
				<string>A34BF3D9184F471E00F2E3B4</string>
				<string>A34BF39D184F41D300F2E3B4</string>
				<string>A34BF39F184F41D300F2E3B4</string>
				<string>A34BF39B184F41D300F2E3B4</string>
			</array>
			<key>isa</key>
			<string>PBXFrameworksBuildPhase</string>
			<key>runOnlyForDeploymentPostprocessing</key>
			<string>0</string>
		</dict>
		<key>A34BF395184F41D300F2E3B4</key>
		<dict>
			<key>buildActionMask</key>
			<string>2147483647</string>
			<key>files</key>
			<array>
				<string>A34BF3B6184F41D400F2E3B4</string>
				<string>A3DC7CA018687E2E00C45DB0</string>
				<string>A34BF3A5184F41D300F2E3B4</string>
			</array>
			<key>isa</key>
			<string>PBXResourcesBuildPhase</string>
			<key>runOnlyForDeploymentPostprocessing</key>
			<string>0</string>
		</dict>
		<key>A34BF396184F41D300F2E3B4</key>
		<dict>
			<key>buildConfigurationList</key>
			<string>A34BF3CC184F41D500F2E3B4</string>
			<key>buildPhases</key>
			<array>
				<string>A34BF393184F41D300F2E3B4</string>
				<string>A34BF394184F41D300F2E3B4</string>
				<string>A34BF395184F41D300F2E3B4</string>
			</array>
			<key>buildRules</key>
			<array/>
			<key>dependencies</key>
			<array/>
			<key>isa</key>
			<string>PBXNativeTarget</string>
			<key>name</key>
			<string>SQKDataKit</string>
			<key>productName</key>
			<string>SQKDataKit</string>
			<key>productReference</key>
			<string>A34BF397184F41D300F2E3B4</string>
			<key>productType</key>
			<string>com.apple.product-type.application</string>
		</dict>
		<key>A34BF397184F41D300F2E3B4</key>
		<dict>
			<key>explicitFileType</key>
			<string>wrapper.application</string>
			<key>includeInIndex</key>
			<string>0</string>
			<key>isa</key>
			<string>PBXFileReference</string>
			<key>path</key>
			<string>SQKDataKit.app</string>
			<key>sourceTree</key>
			<string>BUILT_PRODUCTS_DIR</string>
		</dict>
		<key>A34BF398184F41D300F2E3B4</key>
		<dict>
			<key>children</key>
			<array>
				<string>A34BF397184F41D300F2E3B4</string>
				<string>A34BF3BB184F41D400F2E3B4</string>
			</array>
			<key>isa</key>
			<string>PBXGroup</string>
			<key>name</key>
			<string>Products</string>
			<key>sourceTree</key>
			<string>&lt;group&gt;</string>
		</dict>
		<key>A34BF399184F41D300F2E3B4</key>
		<dict>
			<key>children</key>
			<array>
				<string>A34BF3D8184F471E00F2E3B4</string>
				<string>A34BF39A184F41D300F2E3B4</string>
				<string>A34BF39C184F41D300F2E3B4</string>
				<string>A34BF39E184F41D300F2E3B4</string>
				<string>A34BF3BC184F41D400F2E3B4</string>
				<string>4AB52E80206042BCB848D249</string>
			</array>
			<key>isa</key>
			<string>PBXGroup</string>
			<key>name</key>
			<string>Frameworks</string>
			<key>sourceTree</key>
			<string>&lt;group&gt;</string>
		</dict>
		<key>A34BF39A184F41D300F2E3B4</key>
		<dict>
			<key>isa</key>
			<string>PBXFileReference</string>
			<key>lastKnownFileType</key>
			<string>wrapper.framework</string>
			<key>name</key>
			<string>Foundation.framework</string>
			<key>path</key>
			<string>System/Library/Frameworks/Foundation.framework</string>
			<key>sourceTree</key>
			<string>SDKROOT</string>
		</dict>
		<key>A34BF39B184F41D300F2E3B4</key>
		<dict>
			<key>fileRef</key>
			<string>A34BF39A184F41D300F2E3B4</string>
			<key>isa</key>
			<string>PBXBuildFile</string>
		</dict>
		<key>A34BF39C184F41D300F2E3B4</key>
		<dict>
			<key>isa</key>
			<string>PBXFileReference</string>
			<key>lastKnownFileType</key>
			<string>wrapper.framework</string>
			<key>name</key>
			<string>CoreGraphics.framework</string>
			<key>path</key>
			<string>System/Library/Frameworks/CoreGraphics.framework</string>
			<key>sourceTree</key>
			<string>SDKROOT</string>
		</dict>
		<key>A34BF39D184F41D300F2E3B4</key>
		<dict>
			<key>fileRef</key>
			<string>A34BF39C184F41D300F2E3B4</string>
			<key>isa</key>
			<string>PBXBuildFile</string>
		</dict>
		<key>A34BF39E184F41D300F2E3B4</key>
		<dict>
			<key>isa</key>
			<string>PBXFileReference</string>
			<key>lastKnownFileType</key>
			<string>wrapper.framework</string>
			<key>name</key>
			<string>UIKit.framework</string>
			<key>path</key>
			<string>System/Library/Frameworks/UIKit.framework</string>
			<key>sourceTree</key>
			<string>SDKROOT</string>
		</dict>
		<key>A34BF39F184F41D300F2E3B4</key>
		<dict>
			<key>fileRef</key>
			<string>A34BF39E184F41D300F2E3B4</string>
			<key>isa</key>
			<string>PBXBuildFile</string>
		</dict>
		<key>A34BF3A0184F41D300F2E3B4</key>
		<dict>
			<key>children</key>
			<array>
				<string>A3D15EB71966E10A000F2268</string>
				<string>A3D15EB81966E10A000F2268</string>
				<string>A3D15EBA1966E110000F2268</string>
				<string>A3D15EBB1966E110000F2268</string>
				<string>A3D15EBC1966E110000F2268</string>
				<string>A3D15EBD1966E110000F2268</string>
				<string>A3D15EBE1966E110000F2268</string>
				<string>A3D15EBF1966E110000F2268</string>
				<string>A3D15EC01966E110000F2268</string>
				<string>A3D15EC11966E110000F2268</string>
				<string>A3D15EC21966E110000F2268</string>
				<string>A3D15EC31966E110000F2268</string>
				<string>A3D15EC41966E110000F2268</string>
				<string>A3D15EC51966E110000F2268</string>
				<string>A3D15EC61966E110000F2268</string>
				<string>A3D15EC71966E110000F2268</string>
				<string>A3D15EC81966E110000F2268</string>
				<string>A3D15EC91966E110000F2268</string>
			</array>
			<key>isa</key>
			<string>PBXGroup</string>
			<key>path</key>
			<string>SQKDataKit</string>
			<key>sourceTree</key>
			<string>&lt;group&gt;</string>
		</dict>
		<key>A34BF3A1184F41D300F2E3B4</key>
		<dict>
			<key>children</key>
			<array>
				<string>A34BF3A2184F41D300F2E3B4</string>
				<string>A34BF3A3184F41D300F2E3B4</string>
				<string>A34BF3A6184F41D300F2E3B4</string>
				<string>A34BF3A8184F41D300F2E3B4</string>
			</array>
			<key>isa</key>
			<string>PBXGroup</string>
			<key>name</key>
			<string>Supporting Files</string>
			<key>sourceTree</key>
			<string>&lt;group&gt;</string>
		</dict>
		<key>A34BF3A2184F41D300F2E3B4</key>
		<dict>
			<key>isa</key>
			<string>PBXFileReference</string>
			<key>lastKnownFileType</key>
			<string>text.plist.xml</string>
			<key>path</key>
			<string>SQKDataKit-Info.plist</string>
			<key>sourceTree</key>
			<string>&lt;group&gt;</string>
		</dict>
		<key>A34BF3A3184F41D300F2E3B4</key>
		<dict>
			<key>children</key>
			<array>
				<string>A34BF3A4184F41D300F2E3B4</string>
			</array>
			<key>isa</key>
			<string>PBXVariantGroup</string>
			<key>name</key>
			<string>InfoPlist.strings</string>
			<key>sourceTree</key>
			<string>&lt;group&gt;</string>
		</dict>
		<key>A34BF3A4184F41D300F2E3B4</key>
		<dict>
			<key>isa</key>
			<string>PBXFileReference</string>
			<key>lastKnownFileType</key>
			<string>text.plist.strings</string>
			<key>name</key>
			<string>en</string>
			<key>path</key>
			<string>en.lproj/InfoPlist.strings</string>
			<key>sourceTree</key>
			<string>&lt;group&gt;</string>
		</dict>
		<key>A34BF3A5184F41D300F2E3B4</key>
		<dict>
			<key>fileRef</key>
			<string>A34BF3A3184F41D300F2E3B4</string>
			<key>isa</key>
			<string>PBXBuildFile</string>
		</dict>
		<key>A34BF3A6184F41D300F2E3B4</key>
		<dict>
			<key>isa</key>
			<string>PBXFileReference</string>
			<key>lastKnownFileType</key>
			<string>sourcecode.c.objc</string>
			<key>path</key>
			<string>main.m</string>
			<key>sourceTree</key>
			<string>&lt;group&gt;</string>
		</dict>
		<key>A34BF3A7184F41D300F2E3B4</key>
		<dict>
			<key>fileRef</key>
			<string>A34BF3A6184F41D300F2E3B4</string>
			<key>isa</key>
			<string>PBXBuildFile</string>
		</dict>
		<key>A34BF3A8184F41D300F2E3B4</key>
		<dict>
			<key>isa</key>
			<string>PBXFileReference</string>
			<key>lastKnownFileType</key>
			<string>sourcecode.c.h</string>
			<key>path</key>
			<string>SQKDataKit-Prefix.pch</string>
			<key>sourceTree</key>
			<string>&lt;group&gt;</string>
		</dict>
		<key>A34BF3A9184F41D300F2E3B4</key>
		<dict>
			<key>isa</key>
			<string>PBXFileReference</string>
			<key>lastKnownFileType</key>
			<string>sourcecode.c.h</string>
			<key>path</key>
			<string>SQKAppDelegate.h</string>
			<key>sourceTree</key>
			<string>&lt;group&gt;</string>
		</dict>
		<key>A34BF3AA184F41D300F2E3B4</key>
		<dict>
			<key>isa</key>
			<string>PBXFileReference</string>
			<key>lastKnownFileType</key>
			<string>sourcecode.c.objc</string>
			<key>path</key>
			<string>SQKAppDelegate.m</string>
			<key>sourceTree</key>
			<string>&lt;group&gt;</string>
		</dict>
		<key>A34BF3AB184F41D300F2E3B4</key>
		<dict>
			<key>fileRef</key>
			<string>A34BF3AA184F41D300F2E3B4</string>
			<key>isa</key>
			<string>PBXBuildFile</string>
		</dict>
		<key>A34BF3B2184F41D400F2E3B4</key>
		<dict>
			<key>isa</key>
			<string>PBXFileReference</string>
			<key>lastKnownFileType</key>
			<string>sourcecode.c.h</string>
			<key>path</key>
			<string>SQKCommitsViewController.h</string>
			<key>sourceTree</key>
			<string>&lt;group&gt;</string>
		</dict>
		<key>A34BF3B3184F41D400F2E3B4</key>
		<dict>
			<key>isa</key>
			<string>PBXFileReference</string>
			<key>lastKnownFileType</key>
			<string>sourcecode.c.objc</string>
			<key>path</key>
			<string>SQKCommitsViewController.m</string>
			<key>sourceTree</key>
			<string>&lt;group&gt;</string>
		</dict>
		<key>A34BF3B4184F41D400F2E3B4</key>
		<dict>
			<key>fileRef</key>
			<string>A34BF3B3184F41D400F2E3B4</string>
			<key>isa</key>
			<string>PBXBuildFile</string>
		</dict>
		<key>A34BF3B5184F41D400F2E3B4</key>
		<dict>
			<key>isa</key>
			<string>PBXFileReference</string>
			<key>lastKnownFileType</key>
			<string>folder.assetcatalog</string>
			<key>path</key>
			<string>Images.xcassets</string>
			<key>sourceTree</key>
			<string>&lt;group&gt;</string>
		</dict>
		<key>A34BF3B6184F41D400F2E3B4</key>
		<dict>
			<key>fileRef</key>
			<string>A34BF3B5184F41D400F2E3B4</string>
			<key>isa</key>
			<string>PBXBuildFile</string>
		</dict>
		<key>A34BF3B7184F41D400F2E3B4</key>
		<dict>
			<key>buildActionMask</key>
			<string>2147483647</string>
			<key>files</key>
			<array>
				<string>A328BAC11850921000267F2E</string>
				<string>A34BF42B184F6D0000F2E3B4</string>
				<string>22BB628E1919256B00EEEFCE</string>
				<string>A34BF3D4184F456B00F2E3B4</string>
				<string>A30FAE8F1855DFBB008784C6</string>
			</array>
			<key>isa</key>
			<string>PBXSourcesBuildPhase</string>
			<key>runOnlyForDeploymentPostprocessing</key>
			<string>0</string>
		</dict>
		<key>A34BF3B8184F41D400F2E3B4</key>
		<dict>
			<key>buildActionMask</key>
			<string>2147483647</string>
			<key>files</key>
			<array>
				<string>A34BF3BD184F41D400F2E3B4</string>
				<string>A34BF3BF184F41D400F2E3B4</string>
				<string>A34BF3BE184F41D400F2E3B4</string>
				<string>C8CFF472097F4E5BBA949BDB</string>
			</array>
			<key>isa</key>
			<string>PBXFrameworksBuildPhase</string>
			<key>runOnlyForDeploymentPostprocessing</key>
			<string>0</string>
		</dict>
		<key>A34BF3B9184F41D400F2E3B4</key>
		<dict>
			<key>buildActionMask</key>
			<string>2147483647</string>
			<key>files</key>
			<array>
				<string>A34BF3C7184F41D500F2E3B4</string>
			</array>
			<key>isa</key>
			<string>PBXResourcesBuildPhase</string>
			<key>runOnlyForDeploymentPostprocessing</key>
			<string>0</string>
		</dict>
		<key>A34BF3BA184F41D400F2E3B4</key>
		<dict>
			<key>buildConfigurationList</key>
			<string>A34BF3CF184F41D500F2E3B4</string>
			<key>buildPhases</key>
			<array>
				<string>9845359805B74B5292D465D9</string>
				<string>A34BF3B7184F41D400F2E3B4</string>
				<string>A34BF3B8184F41D400F2E3B4</string>
				<string>A34BF3B9184F41D400F2E3B4</string>
				<string>0D49442BB775486BAD86A584</string>
			</array>
			<key>buildRules</key>
			<array/>
			<key>dependencies</key>
			<array>
				<string>A34BF3C1184F41D400F2E3B4</string>
			</array>
			<key>isa</key>
			<string>PBXNativeTarget</string>
			<key>name</key>
			<string>SQKDataKitTests</string>
			<key>productName</key>
			<string>SQKDataKitTests</string>
			<key>productReference</key>
			<string>A34BF3BB184F41D400F2E3B4</string>
			<key>productType</key>
			<string>com.apple.product-type.bundle.unit-test</string>
		</dict>
		<key>A34BF3BB184F41D400F2E3B4</key>
		<dict>
			<key>explicitFileType</key>
			<string>wrapper.cfbundle</string>
			<key>includeInIndex</key>
			<string>0</string>
			<key>isa</key>
			<string>PBXFileReference</string>
			<key>path</key>
			<string>SQKDataKitTests.xctest</string>
			<key>sourceTree</key>
			<string>BUILT_PRODUCTS_DIR</string>
		</dict>
		<key>A34BF3BC184F41D400F2E3B4</key>
		<dict>
			<key>isa</key>
			<string>PBXFileReference</string>
			<key>lastKnownFileType</key>
			<string>wrapper.framework</string>
			<key>name</key>
			<string>XCTest.framework</string>
			<key>path</key>
			<string>Library/Frameworks/XCTest.framework</string>
			<key>sourceTree</key>
			<string>DEVELOPER_DIR</string>
		</dict>
		<key>A34BF3BD184F41D400F2E3B4</key>
		<dict>
			<key>fileRef</key>
			<string>A34BF3BC184F41D400F2E3B4</string>
			<key>isa</key>
			<string>PBXBuildFile</string>
		</dict>
		<key>A34BF3BE184F41D400F2E3B4</key>
		<dict>
			<key>fileRef</key>
			<string>A34BF39A184F41D300F2E3B4</string>
			<key>isa</key>
			<string>PBXBuildFile</string>
		</dict>
		<key>A34BF3BF184F41D400F2E3B4</key>
		<dict>
			<key>fileRef</key>
			<string>A34BF39E184F41D300F2E3B4</string>
			<key>isa</key>
			<string>PBXBuildFile</string>
		</dict>
		<key>A34BF3C0184F41D400F2E3B4</key>
		<dict>
			<key>containerPortal</key>
			<string>A34BF38F184F41D300F2E3B4</string>
			<key>isa</key>
			<string>PBXContainerItemProxy</string>
			<key>proxyType</key>
			<string>1</string>
			<key>remoteGlobalIDString</key>
			<string>A34BF396184F41D300F2E3B4</string>
			<key>remoteInfo</key>
			<string>SQKDataKit</string>
		</dict>
		<key>A34BF3C1184F41D400F2E3B4</key>
		<dict>
			<key>isa</key>
			<string>PBXTargetDependency</string>
			<key>target</key>
			<string>A34BF396184F41D300F2E3B4</string>
			<key>targetProxy</key>
			<string>A34BF3C0184F41D400F2E3B4</string>
		</dict>
		<key>A34BF3C2184F41D400F2E3B4</key>
		<dict>
			<key>children</key>
			<array>
				<string>A34BF3D3184F456B00F2E3B4</string>
				<string>22BB628D1919256B00EEEFCE</string>
				<string>A34BF42A184F6D0000F2E3B4</string>
				<string>A328BAC01850921000267F2E</string>
				<string>A30FAE8E1855DFBB008784C6</string>
				<string>A34BF3C3184F41D500F2E3B4</string>
			</array>
			<key>isa</key>
			<string>PBXGroup</string>
			<key>path</key>
			<string>SQKDataKitTests</string>
			<key>sourceTree</key>
			<string>&lt;group&gt;</string>
		</dict>
		<key>A34BF3C3184F41D500F2E3B4</key>
		<dict>
			<key>children</key>
			<array>
				<string>A34BF3C4184F41D500F2E3B4</string>
				<string>A34BF3C5184F41D500F2E3B4</string>
			</array>
			<key>isa</key>
			<string>PBXGroup</string>
			<key>name</key>
			<string>Supporting Files</string>
			<key>sourceTree</key>
			<string>&lt;group&gt;</string>
		</dict>
		<key>A34BF3C4184F41D500F2E3B4</key>
		<dict>
			<key>isa</key>
			<string>PBXFileReference</string>
			<key>lastKnownFileType</key>
			<string>text.plist.xml</string>
			<key>path</key>
			<string>SQKDataKitTests-Info.plist</string>
			<key>sourceTree</key>
			<string>&lt;group&gt;</string>
		</dict>
		<key>A34BF3C5184F41D500F2E3B4</key>
		<dict>
			<key>children</key>
			<array>
				<string>A34BF3C6184F41D500F2E3B4</string>
			</array>
			<key>isa</key>
			<string>PBXVariantGroup</string>
			<key>name</key>
			<string>InfoPlist.strings</string>
			<key>sourceTree</key>
			<string>&lt;group&gt;</string>
		</dict>
		<key>A34BF3C6184F41D500F2E3B4</key>
		<dict>
			<key>isa</key>
			<string>PBXFileReference</string>
			<key>lastKnownFileType</key>
			<string>text.plist.strings</string>
			<key>name</key>
			<string>en</string>
			<key>path</key>
			<string>en.lproj/InfoPlist.strings</string>
			<key>sourceTree</key>
			<string>&lt;group&gt;</string>
		</dict>
		<key>A34BF3C7184F41D500F2E3B4</key>
		<dict>
			<key>fileRef</key>
			<string>A34BF3C5184F41D500F2E3B4</string>
			<key>isa</key>
			<string>PBXBuildFile</string>
		</dict>
		<key>A34BF3CA184F41D500F2E3B4</key>
		<dict>
			<key>buildSettings</key>
			<dict>
				<key>ALWAYS_SEARCH_USER_PATHS</key>
				<string>NO</string>
				<key>ARCHS</key>
				<string>$(ARCHS_STANDARD_INCLUDING_64_BIT)</string>
				<key>CLANG_CXX_LANGUAGE_STANDARD</key>
				<string>gnu++0x</string>
				<key>CLANG_CXX_LIBRARY</key>
				<string>libc++</string>
				<key>CLANG_ENABLE_MODULES</key>
				<string>YES</string>
				<key>CLANG_ENABLE_OBJC_ARC</key>
				<string>YES</string>
				<key>CLANG_WARN_BOOL_CONVERSION</key>
				<string>YES</string>
				<key>CLANG_WARN_CONSTANT_CONVERSION</key>
				<string>YES</string>
				<key>CLANG_WARN_DIRECT_OBJC_ISA_USAGE</key>
				<string>YES_ERROR</string>
				<key>CLANG_WARN_EMPTY_BODY</key>
				<string>YES</string>
				<key>CLANG_WARN_ENUM_CONVERSION</key>
				<string>YES</string>
				<key>CLANG_WARN_INT_CONVERSION</key>
				<string>YES</string>
				<key>CLANG_WARN_OBJC_ROOT_CLASS</key>
				<string>YES_ERROR</string>
				<key>CLANG_WARN__DUPLICATE_METHOD_MATCH</key>
				<string>YES</string>
				<key>CODE_SIGN_IDENTITY[sdk=iphoneos*]</key>
				<string>iPhone Developer</string>
				<key>COPY_PHASE_STRIP</key>
				<string>NO</string>
				<key>GCC_C_LANGUAGE_STANDARD</key>
				<string>gnu99</string>
				<key>GCC_DYNAMIC_NO_PIC</key>
				<string>NO</string>
				<key>GCC_OPTIMIZATION_LEVEL</key>
				<string>0</string>
				<key>GCC_PREPROCESSOR_DEFINITIONS</key>
				<array>
					<string>DEBUG=1</string>
					<string>$(inherited)</string>
				</array>
				<key>GCC_SYMBOLS_PRIVATE_EXTERN</key>
				<string>NO</string>
				<key>GCC_WARN_64_TO_32_BIT_CONVERSION</key>
				<string>YES</string>
				<key>GCC_WARN_ABOUT_RETURN_TYPE</key>
				<string>YES_ERROR</string>
				<key>GCC_WARN_UNDECLARED_SELECTOR</key>
				<string>YES</string>
				<key>GCC_WARN_UNINITIALIZED_AUTOS</key>
				<string>YES</string>
				<key>GCC_WARN_UNUSED_FUNCTION</key>
				<string>YES</string>
				<key>GCC_WARN_UNUSED_VARIABLE</key>
				<string>YES</string>
				<key>IPHONEOS_DEPLOYMENT_TARGET</key>
				<string>7.0</string>
				<key>ONLY_ACTIVE_ARCH</key>
				<string>YES</string>
				<key>SDKROOT</key>
				<string>iphoneos</string>
				<key>TARGETED_DEVICE_FAMILY</key>
				<string>1,2</string>
			</dict>
			<key>isa</key>
			<string>XCBuildConfiguration</string>
			<key>name</key>
			<string>Debug</string>
		</dict>
		<key>A34BF3CB184F41D500F2E3B4</key>
		<dict>
			<key>buildSettings</key>
			<dict>
				<key>ALWAYS_SEARCH_USER_PATHS</key>
				<string>NO</string>
				<key>ARCHS</key>
				<string>$(ARCHS_STANDARD_INCLUDING_64_BIT)</string>
				<key>CLANG_CXX_LANGUAGE_STANDARD</key>
				<string>gnu++0x</string>
				<key>CLANG_CXX_LIBRARY</key>
				<string>libc++</string>
				<key>CLANG_ENABLE_MODULES</key>
				<string>YES</string>
				<key>CLANG_ENABLE_OBJC_ARC</key>
				<string>YES</string>
				<key>CLANG_WARN_BOOL_CONVERSION</key>
				<string>YES</string>
				<key>CLANG_WARN_CONSTANT_CONVERSION</key>
				<string>YES</string>
				<key>CLANG_WARN_DIRECT_OBJC_ISA_USAGE</key>
				<string>YES_ERROR</string>
				<key>CLANG_WARN_EMPTY_BODY</key>
				<string>YES</string>
				<key>CLANG_WARN_ENUM_CONVERSION</key>
				<string>YES</string>
				<key>CLANG_WARN_INT_CONVERSION</key>
				<string>YES</string>
				<key>CLANG_WARN_OBJC_ROOT_CLASS</key>
				<string>YES_ERROR</string>
				<key>CLANG_WARN__DUPLICATE_METHOD_MATCH</key>
				<string>YES</string>
				<key>CODE_SIGN_IDENTITY[sdk=iphoneos*]</key>
				<string>iPhone Developer</string>
				<key>COPY_PHASE_STRIP</key>
				<string>YES</string>
				<key>ENABLE_NS_ASSERTIONS</key>
				<string>NO</string>
				<key>GCC_C_LANGUAGE_STANDARD</key>
				<string>gnu99</string>
				<key>GCC_WARN_64_TO_32_BIT_CONVERSION</key>
				<string>YES</string>
				<key>GCC_WARN_ABOUT_RETURN_TYPE</key>
				<string>YES_ERROR</string>
				<key>GCC_WARN_UNDECLARED_SELECTOR</key>
				<string>YES</string>
				<key>GCC_WARN_UNINITIALIZED_AUTOS</key>
				<string>YES</string>
				<key>GCC_WARN_UNUSED_FUNCTION</key>
				<string>YES</string>
				<key>GCC_WARN_UNUSED_VARIABLE</key>
				<string>YES</string>
				<key>IPHONEOS_DEPLOYMENT_TARGET</key>
				<string>7.0</string>
				<key>SDKROOT</key>
				<string>iphoneos</string>
				<key>TARGETED_DEVICE_FAMILY</key>
				<string>1,2</string>
				<key>VALIDATE_PRODUCT</key>
				<string>YES</string>
			</dict>
			<key>isa</key>
			<string>XCBuildConfiguration</string>
			<key>name</key>
			<string>Release</string>
		</dict>
		<key>A34BF3CC184F41D500F2E3B4</key>
		<dict>
			<key>buildConfigurations</key>
			<array>
				<string>A34BF3CD184F41D500F2E3B4</string>
				<string>A34BF3CE184F41D500F2E3B4</string>
			</array>
			<key>defaultConfigurationIsVisible</key>
			<string>0</string>
			<key>defaultConfigurationName</key>
			<string>Release</string>
			<key>isa</key>
			<string>XCConfigurationList</string>
		</dict>
		<key>A34BF3CD184F41D500F2E3B4</key>
		<dict>
			<key>buildSettings</key>
			<dict>
				<key>ARCHS</key>
				<string>$(ARCHS_STANDARD)</string>
				<key>ASSETCATALOG_COMPILER_APPICON_NAME</key>
				<string>AppIcon</string>
				<key>ASSETCATALOG_COMPILER_LAUNCHIMAGE_NAME</key>
				<string>LaunchImage</string>
				<key>GCC_PRECOMPILE_PREFIX_HEADER</key>
				<string>YES</string>
				<key>GCC_PREFIX_HEADER</key>
				<string>SQKDataKit/SQKDataKit-Prefix.pch</string>
				<key>INFOPLIST_FILE</key>
				<string>SQKDataKit/SQKDataKit-Info.plist</string>
				<key>IPHONEOS_DEPLOYMENT_TARGET</key>
				<string>6.1</string>
				<key>PRODUCT_NAME</key>
				<string>$(TARGET_NAME)</string>
				<key>PROVISIONING_PROFILE</key>
				<string>7E368455-5FF4-45B1-9DDD-1A34C59D6F9D</string>
				<key>SDKROOT</key>
				<string>iphoneos6.1</string>
				<key>WRAPPER_EXTENSION</key>
				<string>app</string>
			</dict>
			<key>isa</key>
			<string>XCBuildConfiguration</string>
			<key>name</key>
			<string>Debug</string>
		</dict>
		<key>A34BF3CE184F41D500F2E3B4</key>
		<dict>
			<key>buildSettings</key>
			<dict>
				<key>ARCHS</key>
				<string>$(ARCHS_STANDARD)</string>
				<key>ASSETCATALOG_COMPILER_APPICON_NAME</key>
				<string>AppIcon</string>
				<key>ASSETCATALOG_COMPILER_LAUNCHIMAGE_NAME</key>
				<string>LaunchImage</string>
				<key>GCC_PRECOMPILE_PREFIX_HEADER</key>
				<string>YES</string>
				<key>GCC_PREFIX_HEADER</key>
				<string>SQKDataKit/SQKDataKit-Prefix.pch</string>
				<key>INFOPLIST_FILE</key>
				<string>SQKDataKit/SQKDataKit-Info.plist</string>
				<key>IPHONEOS_DEPLOYMENT_TARGET</key>
				<string>6.1</string>
				<key>PRODUCT_NAME</key>
				<string>$(TARGET_NAME)</string>
				<key>PROVISIONING_PROFILE</key>
				<string>7E368455-5FF4-45B1-9DDD-1A34C59D6F9D</string>
				<key>SDKROOT</key>
				<string>iphoneos6.1</string>
				<key>WRAPPER_EXTENSION</key>
				<string>app</string>
			</dict>
			<key>isa</key>
			<string>XCBuildConfiguration</string>
			<key>name</key>
			<string>Release</string>
		</dict>
		<key>A34BF3CF184F41D500F2E3B4</key>
		<dict>
			<key>buildConfigurations</key>
			<array>
				<string>A34BF3D0184F41D500F2E3B4</string>
				<string>A34BF3D1184F41D500F2E3B4</string>
			</array>
			<key>defaultConfigurationIsVisible</key>
			<string>0</string>
			<key>defaultConfigurationName</key>
			<string>Release</string>
			<key>isa</key>
			<string>XCConfigurationList</string>
		</dict>
		<key>A34BF3D0184F41D500F2E3B4</key>
		<dict>
			<key>baseConfigurationReference</key>
			<string>ADDB339D8A3346919017A3F5</string>
			<key>buildSettings</key>
			<dict>
				<key>ARCHS</key>
				<string>$(ARCHS_STANDARD)</string>
				<key>BUNDLE_LOADER</key>
				<string>$(BUILT_PRODUCTS_DIR)/SQKDataKit.app/SQKDataKit</string>
				<key>FRAMEWORK_SEARCH_PATHS</key>
				<array>
					<string>$(SDKROOT)/Developer/Library/Frameworks</string>
					<string>$(inherited)</string>
					<string>$(DEVELOPER_FRAMEWORKS_DIR)</string>
				</array>
				<key>GCC_PRECOMPILE_PREFIX_HEADER</key>
				<string>YES</string>
				<key>GCC_PREFIX_HEADER</key>
				<string>SQKDataKit/SQKDataKit-Prefix.pch</string>
				<key>GCC_PREPROCESSOR_DEFINITIONS</key>
				<array>
					<string>DEBUG=1</string>
					<string>$(inherited)</string>
				</array>
				<key>INFOPLIST_FILE</key>
				<string>SQKDataKitTests/SQKDataKitTests-Info.plist</string>
				<key>PRODUCT_NAME</key>
				<string>$(TARGET_NAME)</string>
				<key>TEST_HOST</key>
				<string>$(BUNDLE_LOADER)</string>
				<key>WRAPPER_EXTENSION</key>
				<string>xctest</string>
			</dict>
			<key>isa</key>
			<string>XCBuildConfiguration</string>
			<key>name</key>
			<string>Debug</string>
		</dict>
		<key>A34BF3D1184F41D500F2E3B4</key>
		<dict>
			<key>baseConfigurationReference</key>
			<string>ADDB339D8A3346919017A3F5</string>
			<key>buildSettings</key>
			<dict>
				<key>ARCHS</key>
				<string>$(ARCHS_STANDARD)</string>
				<key>BUNDLE_LOADER</key>
				<string>$(BUILT_PRODUCTS_DIR)/SQKDataKit.app/SQKDataKit</string>
				<key>FRAMEWORK_SEARCH_PATHS</key>
				<array>
					<string>$(SDKROOT)/Developer/Library/Frameworks</string>
					<string>$(inherited)</string>
					<string>$(DEVELOPER_FRAMEWORKS_DIR)</string>
				</array>
				<key>GCC_PRECOMPILE_PREFIX_HEADER</key>
				<string>YES</string>
				<key>GCC_PREFIX_HEADER</key>
				<string>SQKDataKit/SQKDataKit-Prefix.pch</string>
				<key>INFOPLIST_FILE</key>
				<string>SQKDataKitTests/SQKDataKitTests-Info.plist</string>
				<key>PRODUCT_NAME</key>
				<string>$(TARGET_NAME)</string>
				<key>TEST_HOST</key>
				<string>$(BUNDLE_LOADER)</string>
				<key>WRAPPER_EXTENSION</key>
				<string>xctest</string>
			</dict>
			<key>isa</key>
			<string>XCBuildConfiguration</string>
			<key>name</key>
			<string>Release</string>
		</dict>
		<key>A34BF3D3184F456B00F2E3B4</key>
		<dict>
			<key>fileEncoding</key>
			<string>4</string>
			<key>isa</key>
			<string>PBXFileReference</string>
			<key>lastKnownFileType</key>
			<string>sourcecode.c.objc</string>
			<key>path</key>
			<string>SQKContextManagerTests.m</string>
			<key>sourceTree</key>
			<string>&lt;group&gt;</string>
		</dict>
		<key>A34BF3D4184F456B00F2E3B4</key>
		<dict>
			<key>fileRef</key>
			<string>A34BF3D3184F456B00F2E3B4</string>
			<key>isa</key>
			<string>PBXBuildFile</string>
		</dict>
		<key>A34BF3D8184F471E00F2E3B4</key>
		<dict>
			<key>isa</key>
			<string>PBXFileReference</string>
			<key>lastKnownFileType</key>
			<string>wrapper.framework</string>
			<key>name</key>
			<string>CoreData.framework</string>
			<key>path</key>
			<string>System/Library/Frameworks/CoreData.framework</string>
			<key>sourceTree</key>
			<string>SDKROOT</string>
		</dict>
		<key>A34BF3D9184F471E00F2E3B4</key>
		<dict>
			<key>fileRef</key>
			<string>A34BF3D8184F471E00F2E3B4</string>
			<key>isa</key>
			<string>PBXBuildFile</string>
		</dict>
		<key>A34BF42A184F6D0000F2E3B4</key>
		<dict>
			<key>fileEncoding</key>
			<string>4</string>
			<key>isa</key>
			<string>PBXFileReference</string>
			<key>lastKnownFileType</key>
			<string>sourcecode.c.objc</string>
			<key>path</key>
			<string>NSPersistentStoreCoordinatorTests.m</string>
			<key>sourceTree</key>
			<string>&lt;group&gt;</string>
		</dict>
		<key>A34BF42B184F6D0000F2E3B4</key>
		<dict>
			<key>fileRef</key>
			<string>A34BF42A184F6D0000F2E3B4</string>
			<key>isa</key>
			<string>PBXBuildFile</string>
		</dict>
		<key>A3C66D04185A20CE007AE9B5</key>
		<dict>
			<key>fileEncoding</key>
			<string>4</string>
			<key>isa</key>
			<string>PBXFileReference</string>
			<key>lastKnownFileType</key>
			<string>sourcecode.c.h</string>
			<key>path</key>
			<string>NaiveImportOperation.h</string>
			<key>sourceTree</key>
			<string>&lt;group&gt;</string>
		</dict>
		<key>A3C66D05185A20CE007AE9B5</key>
		<dict>
			<key>fileEncoding</key>
			<string>4</string>
			<key>isa</key>
			<string>PBXFileReference</string>
			<key>lastKnownFileType</key>
			<string>sourcecode.c.objc</string>
			<key>lineEnding</key>
			<string>0</string>
			<key>path</key>
			<string>NaiveImportOperation.m</string>
			<key>sourceTree</key>
			<string>&lt;group&gt;</string>
			<key>xcLanguageSpecificationIdentifier</key>
			<string>xcode.lang.objc</string>
		</dict>
		<key>A3C66D06185A20CE007AE9B5</key>
		<dict>
			<key>fileRef</key>
			<string>A3C66D05185A20CE007AE9B5</string>
			<key>isa</key>
			<string>PBXBuildFile</string>
		</dict>
		<key>A3C66D07185B2A19007AE9B5</key>
		<dict>
			<key>fileEncoding</key>
			<string>4</string>
			<key>isa</key>
			<string>PBXFileReference</string>
			<key>lastKnownFileType</key>
			<string>sourcecode.c.h</string>
			<key>path</key>
			<string>GitDataImportOperation.h</string>
			<key>sourceTree</key>
			<string>&lt;group&gt;</string>
		</dict>
		<key>A3C66D08185B2A19007AE9B5</key>
		<dict>
			<key>fileEncoding</key>
			<string>4</string>
			<key>isa</key>
			<string>PBXFileReference</string>
			<key>lastKnownFileType</key>
			<string>sourcecode.c.objc</string>
			<key>path</key>
			<string>GitDataImportOperation.m</string>
			<key>sourceTree</key>
			<string>&lt;group&gt;</string>
		</dict>
		<key>A3C66D09185B2A19007AE9B5</key>
		<dict>
			<key>fileRef</key>
			<string>A3C66D08185B2A19007AE9B5</string>
			<key>isa</key>
			<string>PBXBuildFile</string>
		</dict>
		<key>A3D15EB71966E10A000F2268</key>
		<dict>
			<key>fileEncoding</key>
			<string>4</string>
			<key>isa</key>
			<string>PBXFileReference</string>
			<key>lastKnownFileType</key>
			<string>sourcecode.c.h</string>
			<key>name</key>
			<string>SQKFetchedTableViewController.h</string>
			<key>path</key>
			<string>../../Classes/ios/SQKFetchedTableViewController.h</string>
			<key>sourceTree</key>
			<string>&lt;group&gt;</string>
		</dict>
		<key>A3D15EB81966E10A000F2268</key>
		<dict>
			<key>fileEncoding</key>
			<string>4</string>
			<key>isa</key>
			<string>PBXFileReference</string>
			<key>lastKnownFileType</key>
			<string>sourcecode.c.objc</string>
			<key>name</key>
			<string>SQKFetchedTableViewController.m</string>
			<key>path</key>
			<string>../../Classes/ios/SQKFetchedTableViewController.m</string>
			<key>sourceTree</key>
			<string>&lt;group&gt;</string>
		</dict>
		<key>A3D15EB91966E10A000F2268</key>
		<dict>
			<key>fileRef</key>
			<string>A3D15EB81966E10A000F2268</string>
			<key>isa</key>
			<string>PBXBuildFile</string>
		</dict>
		<key>A3D15EBA1966E110000F2268</key>
		<dict>
			<key>fileEncoding</key>
			<string>4</string>
			<key>isa</key>
			<string>PBXFileReference</string>
			<key>lastKnownFileType</key>
			<string>sourcecode.c.h</string>
			<key>name</key>
			<string>NSArray+SQKAdditions.h</string>
			<key>path</key>
			<string>../../Classes/shared/NSArray+SQKAdditions.h</string>
			<key>sourceTree</key>
			<string>&lt;group&gt;</string>
		</dict>
		<key>A3D15EBB1966E110000F2268</key>
		<dict>
			<key>fileEncoding</key>
			<string>4</string>
			<key>isa</key>
			<string>PBXFileReference</string>
			<key>lastKnownFileType</key>
			<string>sourcecode.c.objc</string>
			<key>name</key>
			<string>NSArray+SQKAdditions.m</string>
			<key>path</key>
			<string>../../Classes/shared/NSArray+SQKAdditions.m</string>
			<key>sourceTree</key>
			<string>&lt;group&gt;</string>
		</dict>
		<key>A3D15EBC1966E110000F2268</key>
		<dict>
			<key>fileEncoding</key>
			<string>4</string>
			<key>isa</key>
			<string>PBXFileReference</string>
			<key>lastKnownFileType</key>
			<string>sourcecode.c.h</string>
			<key>name</key>
			<string>NSManagedObject+SQKAdditions.h</string>
			<key>path</key>
			<string>../../Classes/shared/NSManagedObject+SQKAdditions.h</string>
			<key>sourceTree</key>
			<string>&lt;group&gt;</string>
		</dict>
		<key>A3D15EBD1966E110000F2268</key>
		<dict>
			<key>fileEncoding</key>
			<string>4</string>
			<key>isa</key>
			<string>PBXFileReference</string>
			<key>lastKnownFileType</key>
			<string>sourcecode.c.objc</string>
			<key>name</key>
			<string>NSManagedObject+SQKAdditions.m</string>
			<key>path</key>
			<string>../../Classes/shared/NSManagedObject+SQKAdditions.m</string>
			<key>sourceTree</key>
			<string>&lt;group&gt;</string>
		</dict>
		<key>A3D15EBE1966E110000F2268</key>
		<dict>
			<key>fileEncoding</key>
			<string>4</string>
			<key>isa</key>
			<string>PBXFileReference</string>
			<key>lastKnownFileType</key>
			<string>sourcecode.c.h</string>
			<key>name</key>
			<string>NSManagedObjectContext+SQKAdditions.h</string>
			<key>path</key>
			<string>../../Classes/shared/NSManagedObjectContext+SQKAdditions.h</string>
			<key>sourceTree</key>
			<string>&lt;group&gt;</string>
		</dict>
		<key>A3D15EBF1966E110000F2268</key>
		<dict>
			<key>fileEncoding</key>
			<string>4</string>
			<key>isa</key>
			<string>PBXFileReference</string>
			<key>lastKnownFileType</key>
			<string>sourcecode.c.objc</string>
			<key>name</key>
			<string>NSManagedObjectContext+SQKAdditions.m</string>
			<key>path</key>
			<string>../../Classes/shared/NSManagedObjectContext+SQKAdditions.m</string>
			<key>sourceTree</key>
			<string>&lt;group&gt;</string>
		</dict>
		<key>A3D15EC01966E110000F2268</key>
		<dict>
			<key>fileEncoding</key>
			<string>4</string>
			<key>isa</key>
			<string>PBXFileReference</string>
			<key>lastKnownFileType</key>
			<string>sourcecode.c.h</string>
			<key>name</key>
			<string>NSPersistentStoreCoordinator+SQKAdditions.h</string>
			<key>path</key>
			<string>../../Classes/shared/NSPersistentStoreCoordinator+SQKAdditions.h</string>
			<key>sourceTree</key>
			<string>&lt;group&gt;</string>
		</dict>
		<key>A3D15EC11966E110000F2268</key>
		<dict>
			<key>fileEncoding</key>
			<string>4</string>
			<key>isa</key>
			<string>PBXFileReference</string>
			<key>lastKnownFileType</key>
			<string>sourcecode.c.objc</string>
			<key>name</key>
			<string>NSPersistentStoreCoordinator+SQKAdditions.m</string>
			<key>path</key>
			<string>../../Classes/shared/NSPersistentStoreCoordinator+SQKAdditions.m</string>
			<key>sourceTree</key>
			<string>&lt;group&gt;</string>
		</dict>
		<key>A3D15EC21966E110000F2268</key>
		<dict>
			<key>fileEncoding</key>
			<string>4</string>
			<key>isa</key>
			<string>PBXFileReference</string>
			<key>lastKnownFileType</key>
			<string>sourcecode.c.h</string>
			<key>name</key>
			<string>SQKBundle.h</string>
			<key>path</key>
			<string>../../Classes/shared/SQKBundle.h</string>
			<key>sourceTree</key>
			<string>&lt;group&gt;</string>
		</dict>
		<key>A3D15EC31966E110000F2268</key>
		<dict>
			<key>fileEncoding</key>
			<string>4</string>
			<key>isa</key>
			<string>PBXFileReference</string>
			<key>lastKnownFileType</key>
			<string>sourcecode.c.h</string>
			<key>name</key>
			<string>SQKContextManager.h</string>
			<key>path</key>
			<string>../../Classes/shared/SQKContextManager.h</string>
			<key>sourceTree</key>
			<string>&lt;group&gt;</string>
		</dict>
		<key>A3D15EC41966E110000F2268</key>
		<dict>
			<key>fileEncoding</key>
			<string>4</string>
			<key>isa</key>
			<string>PBXFileReference</string>
			<key>lastKnownFileType</key>
			<string>sourcecode.c.objc</string>
			<key>name</key>
			<string>SQKContextManager.m</string>
			<key>path</key>
			<string>../../Classes/shared/SQKContextManager.m</string>
			<key>sourceTree</key>
			<string>&lt;group&gt;</string>
		</dict>
		<key>A3D15EC51966E110000F2268</key>
		<dict>
			<key>fileEncoding</key>
			<string>4</string>
			<key>isa</key>
			<string>PBXFileReference</string>
			<key>lastKnownFileType</key>
			<string>sourcecode.c.h</string>
			<key>name</key>
			<string>SQKDataImportOperation.h</string>
			<key>path</key>
			<string>../../Classes/shared/SQKDataImportOperation.h</string>
			<key>sourceTree</key>
			<string>&lt;group&gt;</string>
		</dict>
		<key>A3D15EC61966E110000F2268</key>
		<dict>
			<key>fileEncoding</key>
			<string>4</string>
			<key>isa</key>
			<string>PBXFileReference</string>
			<key>lastKnownFileType</key>
			<string>sourcecode.c.objc</string>
			<key>name</key>
			<string>SQKDataImportOperation.m</string>
			<key>path</key>
			<string>../../Classes/shared/SQKDataImportOperation.m</string>
			<key>sourceTree</key>
			<string>&lt;group&gt;</string>
		</dict>
		<key>A3D15EC71966E110000F2268</key>
		<dict>
			<key>fileEncoding</key>
			<string>4</string>
			<key>isa</key>
			<string>PBXFileReference</string>
			<key>lastKnownFileType</key>
			<string>sourcecode.c.h</string>
			<key>name</key>
			<string>SQKDataKit.h</string>
			<key>path</key>
			<string>../../Classes/shared/SQKDataKit.h</string>
			<key>sourceTree</key>
			<string>&lt;group&gt;</string>
		</dict>
		<key>A3D15EC81966E110000F2268</key>
		<dict>
			<key>fileEncoding</key>
			<string>4</string>
			<key>isa</key>
			<string>PBXFileReference</string>
			<key>lastKnownFileType</key>
			<string>sourcecode.c.h</string>
			<key>name</key>
			<string>SQKManagedObjectController.h</string>
			<key>path</key>
			<string>../../Classes/shared/SQKManagedObjectController.h</string>
			<key>sourceTree</key>
			<string>&lt;group&gt;</string>
		</dict>
		<key>A3D15EC91966E110000F2268</key>
		<dict>
			<key>fileEncoding</key>
			<string>4</string>
			<key>isa</key>
			<string>PBXFileReference</string>
			<key>lastKnownFileType</key>
			<string>sourcecode.c.objc</string>
			<key>name</key>
			<string>SQKManagedObjectController.m</string>
			<key>path</key>
			<string>../../Classes/shared/SQKManagedObjectController.m</string>
			<key>sourceTree</key>
			<string>&lt;group&gt;</string>
		</dict>
		<key>A3D15ECA1966E110000F2268</key>
		<dict>
			<key>fileRef</key>
			<string>A3D15EBB1966E110000F2268</string>
			<key>isa</key>
			<string>PBXBuildFile</string>
		</dict>
		<key>A3D15ECB1966E110000F2268</key>
		<dict>
			<key>fileRef</key>
			<string>A3D15EBD1966E110000F2268</string>
			<key>isa</key>
			<string>PBXBuildFile</string>
		</dict>
		<key>A3D15ECC1966E110000F2268</key>
		<dict>
			<key>fileRef</key>
			<string>A3D15EBF1966E110000F2268</string>
			<key>isa</key>
			<string>PBXBuildFile</string>
		</dict>
		<key>A3D15ECD1966E110000F2268</key>
		<dict>
			<key>fileRef</key>
			<string>A3D15EC11966E110000F2268</string>
			<key>isa</key>
			<string>PBXBuildFile</string>
		</dict>
		<key>A3D15ECE1966E110000F2268</key>
		<dict>
			<key>fileRef</key>
			<string>A3D15EC41966E110000F2268</string>
			<key>isa</key>
			<string>PBXBuildFile</string>
		</dict>
		<key>A3D15ECF1966E110000F2268</key>
		<dict>
			<key>fileRef</key>
			<string>A3D15EC61966E110000F2268</string>
			<key>isa</key>
			<string>PBXBuildFile</string>
		</dict>
		<key>A3D15ED01966E110000F2268</key>
		<dict>
			<key>fileRef</key>
			<string>A3D15EC91966E110000F2268</string>
			<key>isa</key>
			<string>PBXBuildFile</string>
		</dict>
		<key>A3DC7C991868731100C45DB0</key>
		<dict>
			<key>fileEncoding</key>
			<string>4</string>
			<key>isa</key>
			<string>PBXFileReference</string>
			<key>lastKnownFileType</key>
			<string>sourcecode.c.h</string>
			<key>path</key>
			<string>SQKJSONLoader.h</string>
			<key>sourceTree</key>
			<string>&lt;group&gt;</string>
		</dict>
		<key>A3DC7C9A1868731100C45DB0</key>
		<dict>
			<key>fileEncoding</key>
			<string>4</string>
			<key>isa</key>
			<string>PBXFileReference</string>
			<key>lastKnownFileType</key>
			<string>sourcecode.c.objc</string>
			<key>path</key>
			<string>SQKJSONLoader.m</string>
			<key>sourceTree</key>
			<string>&lt;group&gt;</string>
		</dict>
		<key>A3DC7C9B1868731100C45DB0</key>
		<dict>
			<key>fileRef</key>
			<string>A3DC7C9A1868731100C45DB0</string>
			<key>isa</key>
			<string>PBXBuildFile</string>
		</dict>
		<key>A3DC7C9F18687E2E00C45DB0</key>
		<dict>
			<key>fileEncoding</key>
			<string>4</string>
			<key>isa</key>
			<string>PBXFileReference</string>
			<key>lastKnownFileType</key>
			<string>text.json</string>
			<key>path</key>
			<string>data_1500.json</string>
			<key>sourceTree</key>
			<string>&lt;group&gt;</string>
		</dict>
		<key>A3DC7CA018687E2E00C45DB0</key>
		<dict>
			<key>fileRef</key>
			<string>A3DC7C9F18687E2E00C45DB0</string>
			<key>isa</key>
			<string>PBXBuildFile</string>
		</dict>
		<key>A3F70A8B1859D80C00C0A389</key>
		<dict>
			<key>fileEncoding</key>
			<string>4</string>
			<key>isa</key>
			<string>PBXFileReference</string>
			<key>lastKnownFileType</key>
			<string>sourcecode.c.h</string>
			<key>path</key>
			<string>SQKCommitCell.h</string>
			<key>sourceTree</key>
			<string>&lt;group&gt;</string>
		</dict>
		<key>A3F70A8C1859D80C00C0A389</key>
		<dict>
			<key>fileEncoding</key>
			<string>4</string>
			<key>isa</key>
			<string>PBXFileReference</string>
			<key>lastKnownFileType</key>
			<string>sourcecode.c.objc</string>
			<key>path</key>
			<string>SQKCommitCell.m</string>
			<key>sourceTree</key>
			<string>&lt;group&gt;</string>
		</dict>
		<key>A3F70A8D1859D80C00C0A389</key>
		<dict>
			<key>fileRef</key>
			<string>A3F70A8C1859D80C00C0A389</string>
			<key>isa</key>
			<string>PBXBuildFile</string>
		</dict>
		<key>A3F70A8E185A041D00C0A389</key>
		<dict>
			<key>fileEncoding</key>
			<string>4</string>
			<key>isa</key>
			<string>PBXFileReference</string>
			<key>lastKnownFileType</key>
			<string>sourcecode.c.h</string>
			<key>path</key>
			<string>SQKMetricsViewController.h</string>
			<key>sourceTree</key>
			<string>&lt;group&gt;</string>
		</dict>
		<key>A3F70A8F185A041D00C0A389</key>
		<dict>
			<key>fileEncoding</key>
			<string>4</string>
			<key>isa</key>
			<string>PBXFileReference</string>
			<key>lastKnownFileType</key>
			<string>sourcecode.c.objc</string>
			<key>path</key>
			<string>SQKMetricsViewController.m</string>
			<key>sourceTree</key>
			<string>&lt;group&gt;</string>
		</dict>
		<key>A3F70A90185A041D00C0A389</key>
		<dict>
			<key>fileRef</key>
			<string>A3F70A8F185A041D00C0A389</string>
			<key>isa</key>
			<string>PBXBuildFile</string>
		</dict>
		<key>ADDB339D8A3346919017A3F5</key>
		<dict>
			<key>includeInIndex</key>
			<string>1</string>
			<key>isa</key>
			<string>PBXFileReference</string>
			<key>lastKnownFileType</key>
			<string>text.xcconfig</string>
			<key>name</key>
			<string>Pods-SQKDataKitTests.xcconfig</string>
			<key>path</key>
			<string>Pods/Pods-SQKDataKitTests.xcconfig</string>
			<key>sourceTree</key>
			<string>&lt;group&gt;</string>
		</dict>
		<key>C8CFF472097F4E5BBA949BDB</key>
		<dict>
			<key>fileRef</key>
			<string>4AB52E80206042BCB848D249</string>
			<key>isa</key>
			<string>PBXBuildFile</string>
		</dict>
	</dict>
	<key>rootObject</key>
	<string>A34BF38F184F41D300F2E3B4</string>
</dict>
</plist>
