PODS:
  - AGAsyncTestHelper (1.0):
    - AGAsyncTestHelper/Core
  - AGAsyncTestHelper/Core (1.0)
  - SQKDataKit/ContextManager (0.5.2)
  - SQKDataKit/CoreDataOperation (0.5.2):
    - SQKDataKit/ContextManager
    - SQKDataKit/ManagedObjectExtensions
  - SQKDataKit/ManagedObjectExtensions (0.5.2)

DEPENDENCIES:
  - AGAsyncTestHelper (~> 1.0)
  - SQKDataKit/ContextManager (from `../../SQKDataKit.podspec`)
  - SQKDataKit/CoreDataOperation (from `../../SQKDataKit.podspec`)

EXTERNAL SOURCES:
  SQKDataKit:
    :path: ../../SQKDataKit.podspec

SPEC CHECKSUMS:
  AGAsyncTestHelper: fc9d44460933d8167ae431f466ab3a09a5121582
  SQKDataKit: a7b2f37587588927c7f683d96883d5594a54b50e

COCOAPODS: 0.34.4
