PODS:
  - AGAsyncTestHelper (1.0):
    - AGAsyncTestHelper/Core (= 1.0)
  - AGAsyncTestHelper/Core (1.0)
  - OCMock (3.1.1)
  - SQKDataKit/ContextManager (0.5.2)
  - SQKDataKit/CoreDataOperation (0.5.2):
    - SQKDataKit/ContextManager
    - SQKDataKit/ManagedObjectExtensions
  - SQKDataKit/ManagedObjectExtensions (0.5.2)

DEPENDENCIES:
  - AGAsyncTestHelper (~> 1.0)
  - OCMock (~> 3.1)
  - SQKDataKit/ContextManager (from `../../SQKDataKit.podspec`)
  - SQKDataKit/CoreDataOperation (from `../../SQKDataKit.podspec`)

EXTERNAL SOURCES:
  SQKDataKit:
    :path: ../../SQKDataKit.podspec

SPEC CHECKSUMS:
  AGAsyncTestHelper: fc9d44460933d8167ae431f466ab3a09a5121582
  OCMock: f6cb8c162ab9d5620dddf411282c7b2c0ee78854
  SQKDataKit: 928489a512864e5989d1592ac41f5707c046e12d

COCOAPODS: 0.35.0
