PODS:
  - AGAsyncTestHelper (1.0):
    - AGAsyncTestHelper/Core
  - AGAsyncTestHelper/Core (1.0)
  - SQKDataKit/ContextManager (0.5.1)
  - SQKDataKit/CoreDataOperation (0.5.1):
    - SQKDataKit/ContextManager
    - SQKDataKit/ManagedObjectExtensions
  - SQKDataKit/ManagedObjectExtensions (0.5.1)

DEPENDENCIES:
  - AGAsyncTestHelper (~> 1.0)
  - SQKDataKit/ContextManager (from `../../SQKDataKit.podspec`)
  - SQKDataKit/CoreDataOperation (from `../../SQKDataKit.podspec`)

EXTERNAL SOURCES:
  SQKDataKit:
    :path: ../../SQKDataKit.podspec

SPEC CHECKSUMS:
  AGAsyncTestHelper: fc9d44460933d8167ae431f466ab3a09a5121582
  SQKDataKit: c628227e6f8c5b1d44e17323dcdb9dccf529c9c2

COCOAPODS: 0.33.1
